{
  "name": "localedb",
  "version": "1.0.13",
  "lockfileVersion": 1,
  "requires": true,
  "dependencies": {
    "@types/node": {
      "version": "7.10.14",
      "resolved": "https://registry.npmjs.org/@types/node/-/node-7.10.14.tgz",
      "integrity": "sha512-29GS75BE8asnTno3yB6ubOJOO0FboExEqNJy4bpz0GSmW/8wPTNL4h9h63c6s1uTrOopCmJYe/4yJLh5r92ZUA==",
      "dev": true
    },
    "app-root-path": {
      "version": "3.0.0",
      "resolved": "https://registry.npmjs.org/app-root-path/-/app-root-path-3.0.0.tgz",
      "integrity": "sha512-qMcx+Gy2UZynHjOHOIXPNvpf+9cjvk3cWrBBK7zg4gH9+clobJRb9NGzcT7mQTcV/6Gm/1WelUtqxVXnNlrwcw=="
    },
    "at-least-node": {
      "version": "1.0.0",
      "resolved": "https://registry.npmjs.org/at-least-node/-/at-least-node-1.0.0.tgz",
      "integrity": "sha512-+q/t7Ekv1EDY2l6Gda6LLiX14rU9TV20Wa3ofeQmwPFZbOMo9DXrLbOjFaaclkXKWidIaopwAObQDqwWtGUjqg=="
    },
    "callsite": {
      "version": "1.0.0",
      "resolved": "https://registry.npmjs.org/callsite/-/callsite-1.0.0.tgz",
      "integrity": "sha1-KAOY5dZkvXQDi28JBRU+borxvCA="
    },
    "colors": {
      "version": "1.4.0",
      "resolved": "https://registry.npmjs.org/colors/-/colors-1.4.0.tgz",
      "integrity": "sha512-a+UqTh4kgZg/SlGvfbzDHpgRu7AAQOmmqRHJnxhRZICKFUT91brVhNNt58CMWU9PsBbv3PDCZUHbVxuDiH2mtA=="
    },
    "fs": {
      "version": "0.0.1-security",
      "resolved": "https://registry.npmjs.org/fs/-/fs-0.0.1-security.tgz",
      "integrity": "sha1-invTcYa23d84E/I4WLV+yq9eQdQ="
    },
    "fs-extra": {
      "version": "9.1.0",
      "resolved": "https://registry.npmjs.org/fs-extra/-/fs-extra-9.1.0.tgz",
      "integrity": "sha512-hcg3ZmepS30/7BSFqRvoo3DOMQu7IjqxO5nCDt+zM9XWjb33Wg7ziNT+Qvqbuc3+gWpzO02JubVyk2G4Zvo1OQ==",
      "requires": {
        "at-least-node": "^1.0.0",
        "graceful-fs": "^4.2.0",
        "jsonfile": "^6.0.1",
        "universalify": "^2.0.0"
      }
    },
    "fswin": {
      "version": "3.21.107",
      "resolved": "https://registry.npmjs.org/fswin/-/fswin-3.21.107.tgz",
      "integrity": "sha512-soKM5UyaZcsdCr3tlJXYTVPgpSMD28uJKFI5izxgLzBZe4z1Vh8/6on7I1Wv9CrBBerJXSTeTwr0RW+GRhu72Q=="
    },
    "graceful-fs": {
      "version": "4.2.6",
      "resolved": "https://registry.npmjs.org/graceful-fs/-/graceful-fs-4.2.6.tgz",
      "integrity": "sha512-nTnJ528pbqxYanhpDYsi4Rd8MAeaBA67+RZ10CM1m3bTAVFEDcd5AuA4a6W5YkGZ1iNXHzZz8T6TBKLeBuNriQ=="
    },
    "hidefile": {
      "version": "3.0.0",
      "resolved": "https://registry.npmjs.org/hidefile/-/hidefile-3.0.0.tgz",
      "integrity": "sha512-AvJ9joE59PQPGOB78smS63K60KKpTK5GBIagupfK9Hw6zpA0JKba2D9uAnDycaI8/bN30ltHWGZVXIkQ4BU6oA==",
      "requires": {
        "winattr": "^3.0.0"
      }
    },
    "inherits": {
      "version": "2.0.3",
      "resolved": "https://registry.npmjs.org/inherits/-/inherits-2.0.3.tgz",
      "integrity": "sha1-Yzwsg+PaQqUC9SRmAiSA9CCCYd4="
    },
    "jsonfile": {
      "version": "6.1.0",
      "resolved": "https://registry.npmjs.org/jsonfile/-/jsonfile-6.1.0.tgz",
      "integrity": "sha512-5dgndWOriYSm5cnYaJNhalLNDKOqFwyDB/rr1E9ZsGciGvKPs8R2xYGCacuf3z6K1YKDz182fd+fY3cn3pMqXQ==",
      "requires": {
        "graceful-fs": "^4.1.6",
        "universalify": "^2.0.0"
      }
    },
    "path": {
      "version": "0.12.7",
      "resolved": "https://registry.npmjs.org/path/-/path-0.12.7.tgz",
      "integrity": "sha1-1NwqUGxM4hl+tIHr/NWzbAFAsQ8=",
      "requires": {
        "process": "^0.11.1",
        "util": "^0.10.3"
      }
    },
    "process": {
      "version": "0.11.10",
      "resolved": "https://registry.npmjs.org/process/-/process-0.11.10.tgz",
      "integrity": "sha1-czIwDoQBYb2j5podHZGn1LwW8YI="
    },
    "snet_core": {
      "version": "1.2.2",
      "resolved": "https://registry.npmjs.org/snet_core/-/snet_core-1.2.2.tgz",
      "integrity": "sha512-Is6eu6Uf2jC0WZ8Sl8NSRqYzR/0m0ERRbZ9LhZBFsgPj4wHBHKwA0CfBbmNnNv/dovpxeEbVF4niMlVhSALCaA==",
      "requires": {
        "callsite": "^1.0.0",
        "colors": "^1.4.0",
        "fs": "0.0.1-security",
        "path": "^0.12.7"
      }
    },
    "universalify": {
      "version": "2.0.0",
      "resolved": "https://registry.npmjs.org/universalify/-/universalify-2.0.0.tgz",
      "integrity": "sha512-hAZsKq7Yy11Zu1DE0OzWjw7nnLZmJZYTDZZyEFHZdUhV8FkH5MCfoU1XMaxXovpyW5nq5scPqq0ZDP9Zyl04oQ=="
    },
    "util": {
      "version": "0.10.4",
      "resolved": "https://registry.npmjs.org/util/-/util-0.10.4.tgz",
      "integrity": "sha512-0Pm9hTQ3se5ll1XihRic3FDIku70C+iHUdT/W926rSgHV5QgXsYbKZN8MSC3tJtSkhuROzvsQjAaFENRXr+19A==",
      "requires": {
        "inherits": "2.0.3"
      }
    },
    "winattr": {
      "version": "3.0.0",
      "resolved": "https://registry.npmjs.org/winattr/-/winattr-3.0.0.tgz",
      "integrity": "sha512-dt33rYsTYcGbB+I1ubB6ZLODibRSCW//TgY/SuajLllR9kHnHnbUMqnXIe0osYsXUdRLGs770zb3t9z/ScGUpw==",
      "requires": {
        "fswin": "^3.18.918"
      }
    }
  }
}
